
Microsoft Visual Studio Solution File, Format Version 12.00
# Visual Studio Version 17
VisualStudioVersion = 17.9.34723.18
MinimumVisualStudioVersion = 10.0.40219.1
Project("{FAE04EC0-301F-11D3-BF4B-00C04F79EFBC}") = "WinFormsApp8", "WinFormsApp8\WinFormsApp8.csproj", "{8D4FAE7D-357F-43B7-91C8-6C2AAA70E958}"
EndProject
Global
	GlobalSection(SolutionConfigurationPlatforms) = preSolution
		Debug|Any CPU = Debug|Any CPU
		Release|Any CPU = Release|Any CPU
	EndGlobalSection
	GlobalSection(ProjectConfigurationPlatforms) = postSolution
		{8D4FAE7D-357F-43B7-91C8-6C2AAA70E958}.Debug|Any CPU.ActiveCfg = Debug|Any CPU
		{8D4FAE7D-357F-43B7-91C8-6C2AAA70E958}.Debug|Any CPU.Build.0 = Debug|Any CPU
		{8D4FAE7D-357F-43B7-91C8-6C2AAA70E958}.Release|Any CPU.ActiveCfg = Release|Any CPU
		{8D4FAE7D-357F-43B7-91C8-6C2AAA70E958}.Release|Any CPU.Build.0 = Release|Any CPU
	EndGlobalSection
	GlobalSection(SolutionProperties) = preSolution
		HideSolutionNode = FALSE
	EndGlobalSection
	GlobalSection(ExtensibilityGlobals) = postSolution
		SolutionGuid = {7BF53785-0911-439D-B406-12F49B81FA22}
	EndGlobalSection
EndGlobal
